
Microsoft Visual Studio Solution File, Format Version 12.00
# Visual Studio Version 16
VisualStudioVersion = 16.0.30907.101
MinimumVisualStudioVersion = 10.0.40219.1
Project("{FAE04EC0-301F-11D3-BF4B-00C04F79EFBC}") = "MvcOnlineTicariOtomasyon", "MvcOnlineTicariOtomasyon\MvcOnlineTicariOtomasyon.csproj", "{1696BB29-85A9-47EF-8D2E-BE9BE2C7948A}"
EndProject
Global
	GlobalSection(SolutionConfigurationPlatforms) = preSolution
		Debug|Any CPU = Debug|Any CPU
		Release|Any CPU = Release|Any CPU
	EndGlobalSection
	GlobalSection(ProjectConfigurationPlatforms) = postSolution
		{1696BB29-85A9-47EF-8D2E-BE9BE2C7948A}.Debug|Any CPU.ActiveCfg = Debug|Any CPU
		{1696BB29-85A9-47EF-8D2E-BE9BE2C7948A}.Debug|Any CPU.Build.0 = Debug|Any CPU
		{1696BB29-85A9-47EF-8D2E-BE9BE2C7948A}.Release|Any CPU.ActiveCfg = Release|Any CPU
		{1696BB29-85A9-47EF-8D2E-BE9BE2C7948A}.Release|Any CPU.Build.0 = Release|Any CPU
	EndGlobalSection
	GlobalSection(SolutionProperties) = preSolution
		HideSolutionNode = FALSE
	EndGlobalSection
	GlobalSection(ExtensibilityGlobals) = postSolution
		SolutionGuid = {26C59362-8AA7-41FC-A115-C26716582934}
	EndGlobalSection
EndGlobal
